
Microsoft Visual Studio Solution File, Format Version 12.00
# Visual Studio Version 17
VisualStudioVersion = 17.6.33723.286
MinimumVisualStudioVersion = 10.0.40219.1
Project("{FAE04EC0-301F-11D3-BF4B-00C04F79EFBC}") = "MenuMasterInterface", "MenuMasterInterface\MenuMasterInterface.csproj", "{7159D103-581E-4F8C-B0AA-C87AC5640AAF}"
EndProject
Project("{FAE04EC0-301F-11D3-BF4B-00C04F79EFBC}") = "MenuMasterInterface.Models", "MenuMasterInterface.Models\MenuMasterInterface.Models.csproj", "{C0FFB240-F1DD-48FC-88A2-4421D62F461F}"
EndProject
Project("{FAE04EC0-301F-11D3-BF4B-00C04F79EFBC}") = "MenuMasterInterface.Repository", "MenuMasterInterface.Repository\MenuMasterInterface.Repository.csproj", "{F105ACE7-2FA5-4248-BD7D-0BEA3C92A8F0}"
EndProject
Project("{FAE04EC0-301F-11D3-BF4B-00C04F79EFBC}") = "MenuMasterInterface.InterFaces", "MenuMasterInterface.InterFaces\MenuMasterInterface.InterFaces.csproj", "{036AD4EC-FAFE-4AF6-904B-B20C2B59F8E6}"
EndProject
Global
	GlobalSection(SolutionConfigurationPlatforms) = preSolution
		Debug|Any CPU = Debug|Any CPU
		Release|Any CPU = Release|Any CPU
	EndGlobalSection
	GlobalSection(ProjectConfigurationPlatforms) = postSolution
		{7159D103-581E-4F8C-B0AA-C87AC5640AAF}.Debug|Any CPU.ActiveCfg = Debug|Any CPU
		{7159D103-581E-4F8C-B0AA-C87AC5640AAF}.Debug|Any CPU.Build.0 = Debug|Any CPU
		{7159D103-581E-4F8C-B0AA-C87AC5640AAF}.Release|Any CPU.ActiveCfg = Release|Any CPU
		{7159D103-581E-4F8C-B0AA-C87AC5640AAF}.Release|Any CPU.Build.0 = Release|Any CPU
		{C0FFB240-F1DD-48FC-88A2-4421D62F461F}.Debug|Any CPU.ActiveCfg = Debug|Any CPU
		{C0FFB240-F1DD-48FC-88A2-4421D62F461F}.Debug|Any CPU.Build.0 = Debug|Any CPU
		{C0FFB240-F1DD-48FC-88A2-4421D62F461F}.Release|Any CPU.ActiveCfg = Release|Any CPU
		{C0FFB240-F1DD-48FC-88A2-4421D62F461F}.Release|Any CPU.Build.0 = Release|Any CPU
		{F105ACE7-2FA5-4248-BD7D-0BEA3C92A8F0}.Debug|Any CPU.ActiveCfg = Debug|Any CPU
		{F105ACE7-2FA5-4248-BD7D-0BEA3C92A8F0}.Debug|Any CPU.Build.0 = Debug|Any CPU
		{F105ACE7-2FA5-4248-BD7D-0BEA3C92A8F0}.Release|Any CPU.ActiveCfg = Release|Any CPU
		{F105ACE7-2FA5-4248-BD7D-0BEA3C92A8F0}.Release|Any CPU.Build.0 = Release|Any CPU
		{036AD4EC-FAFE-4AF6-904B-B20C2B59F8E6}.Debug|Any CPU.ActiveCfg = Debug|Any CPU
		{036AD4EC-FAFE-4AF6-904B-B20C2B59F8E6}.Debug|Any CPU.Build.0 = Debug|Any CPU
		{036AD4EC-FAFE-4AF6-904B-B20C2B59F8E6}.Release|Any CPU.ActiveCfg = Release|Any CPU
		{036AD4EC-FAFE-4AF6-904B-B20C2B59F8E6}.Release|Any CPU.Build.0 = Release|Any CPU
	EndGlobalSection
	GlobalSection(SolutionProperties) = preSolution
		HideSolutionNode = FALSE
	EndGlobalSection
	GlobalSection(ExtensibilityGlobals) = postSolution
		SolutionGuid = {CCEF4811-09F2-4BB5-8F8D-1611AAA49E47}
	EndGlobalSection
EndGlobal
